{
  "lockfileVersion": 1,
  "configVersion": 1,
  "workspaces": {
    "": {
      "name": "@moss/sync",
      "dependencies": {
        "@hocuspocus/common": "^3.1.0",
        "@hocuspocus/extension-database": "^3.1.0",
        "@hocuspocus/server": "^3.1.0",
        "jose": "^6.1.0",
        "pg": "^8.16.0",
        "yjs": "^13.6.33",
      },
      "devDependencies": {
        "@hocuspocus/provider": "^3.1.0",
        "@types/node": "^22.10.0",
        "@types/pg": "^8.11.10",
        "bun-types": "^1.3.14",
        "embedded-postgres": "^18.1.0-beta.16",
        "typescript": "^5.7.0",
      },
    },
  },
  "trustedDependencies": [
    "@embedded-postgres/darwin-x64",
    "@embedded-postgres/darwin-arm64",
    "@embedded-postgres/linux-x64",
    "@embedded-postgres/linux-arm",
    "@embedded-postgres/linux-ia32",
    "@embedded-postgres/linux-ppc64",
    "@embedded-postgres/linux-arm64",
  ],
  "packages": {
    "@embedded-postgres/darwin-arm64": ["@embedded-postgres/darwin-arm64@18.1.0-beta.16", "", { "os": "darwin", "cpu": "arm64" }, "sha512-tU/syLOamFZdXMC+p7AYczmFKIiolFlZ8y3Qb7KonX37O07ezc/OSDiQ641sheV3X0WPf9V10qyK8c81rleDdw=="],

    "@embedded-postgres/darwin-x64": ["@embedded-postgres/darwin-x64@18.1.0-beta.16", "", { "os": "darwin", "cpu": "x64" }, "sha512-4zHNCscGJt/3pmkpLCuU/IpMJzwENM6OqSHE+WWkOoNqYid49ZnmgB1ltOelgZgRoPRIy/HDEnrMeuVxQHBhEw=="],

    "@embedded-postgres/linux-arm": ["@embedded-postgres/linux-arm@18.1.0-beta.16", "", { "os": "linux", "cpu": "arm" }, "sha512-aB1t95YGnqay8swh70s7zo587Nog90UL9yUYrzMMNMq40Qfrq9aWiBn0+6vCxp1rSFaPyJMPvW62/rIKLFBkKg=="],

    "@embedded-postgres/linux-arm64": ["@embedded-postgres/linux-arm64@18.1.0-beta.16", "", { "os": "linux", "cpu": "arm64" }, "sha512-G0f/reVFc7svqncDQL7blwKulzYIYsz+o/3TEtAJOaGMXYkD8Swzv9RFKfEJOr9+IVRwCmoFFppMeBnUwMoGZg=="],

    "@embedded-postgres/linux-ia32": ["@embedded-postgres/linux-ia32@18.1.0-beta.16", "", { "os": "linux", "cpu": "ia32" }, "sha512-gMTIryUMnwyLancs34gXqaiuXIFMgn8RGYZ2wJZEuXpW0SQ/cE07kFINmoQO1sN+5T/IR0KvMXPzxo867wO3ew=="],

    "@embedded-postgres/linux-ppc64": ["@embedded-postgres/linux-ppc64@18.1.0-beta.16", "", { "os": "linux", "cpu": "ppc64" }, "sha512-wTglX0bZVBretiUJrZUO/EmEP8w7jC+i8ZAEKesHHIqIDXEV2F9l+6aTjWt2wRu5SAJ6gpe2RbcKvJ6x+6m1Qw=="],

    "@embedded-postgres/linux-x64": ["@embedded-postgres/linux-x64@18.1.0-beta.16", "", { "os": "linux", "cpu": "x64" }, "sha512-+GIabpHh7QV2AcYBuzyQC41AYczSFphxfHy4ccTPIPrp6OSthZXH+A9fymjQzOiDHg9+1UeYET00Aj7sScjXrg=="],

    "@embedded-postgres/windows-x64": ["@embedded-postgres/windows-x64@18.1.0-beta.16", "", { "os": "win32", "cpu": "x64" }, "sha512-v6AXH1zi6YyoqPM6U7mX08prJ33yD9gqsbo3YdtPi8FDx0C/y9sYa3aQVf/3blPJvHyERYbY8fZnYXbb79Lo0Q=="],

    "@hocuspocus/common": ["@hocuspocus/common@3.4.4", "", { "dependencies": { "lib0": "^0.2.87" } }, "sha512-RykIJ0tsHHMP4Xk+4UCbc7SO5LgGxGUSTdbh6anJEsaALAyqinf1Nn5HYuMjLPolAmsar1v++m9zufR09NLpXA=="],

    "@hocuspocus/extension-database": ["@hocuspocus/extension-database@3.4.4", "", { "dependencies": { "@hocuspocus/server": "^3.4.4" }, "peerDependencies": { "yjs": "^13.6.8" } }, "sha512-z7iq2Dw+GOp4aQq7ys3PD0BA++7tQdXBsSHZ+8mkAbxfTDzjzQ576TphxPiXXC1WQ7yjeFXq03xp/KLIhg3Pyg=="],

    "@hocuspocus/provider": ["@hocuspocus/provider@3.4.4", "", { "dependencies": { "@hocuspocus/common": "^3.4.4", "@lifeomic/attempt": "^3.0.2", "lib0": "^0.2.87", "ws": "^8.17.1" }, "peerDependencies": { "y-protocols": "^1.0.6", "yjs": "^13.6.8" } }, "sha512-KbsMAfdYcIJD8eMU/5QnpXcSOvIWAcCNI33FSRSaKCIpYBFtAwkYIwWnZJmPZ8a1BMAtqQc+uvy9+UQf7GHnGQ=="],

    "@hocuspocus/server": ["@hocuspocus/server@3.4.4", "", { "dependencies": { "@hocuspocus/common": "^3.4.4", "async-lock": "^1.3.1", "async-mutex": "^0.5.0", "kleur": "^4.1.4", "lib0": "^0.2.47", "ws": "^8.5.0" }, "peerDependencies": { "y-protocols": "^1.0.6", "yjs": "^13.6.8" } }, "sha512-UV+oaONAejOzeYgUygNcgsc8RdZvSokVvAxluZJIisLACpRO/VsseQ5lWKDRwLd7Fn6+rHWDH3hGuQ1fdX1Ycg=="],

    "@lifeomic/attempt": ["@lifeomic/attempt@3.1.0", "", {}, "sha512-QZqem4QuAnAyzfz+Gj5/+SLxqwCAw2qmt7732ZXodr6VDWGeYLG6w1i/vYLa55JQM9wRuBKLmXmiZ2P0LtE5rw=="],

    "@types/node": ["@types/node@22.20.4", "", { "dependencies": { "undici-types": "~6.21.0" } }, "sha512-zJRE40jpHtKqE/C4fgHrAKQLJuSpzEnP9ff9Y7YtoR3Wd2pwqzlekDeEuUQXjRd+QCYnVnNwuJYmhdk9XV8gvA=="],

    "@types/pg": ["@types/pg@8.23.1", "", { "dependencies": { "@types/node": "*", "pg-protocol": "*", "pg-types": "^2.2.0" } }, "sha512-fKVHpikPdg4GKks3JuLEhvwSyvwzF23hnabPy6DD8ljVbC7+6J5dQzdv4arV6jqq57djnMgs1HKBxX4P8aBI3A=="],

    "async-exit-hook": ["async-exit-hook@2.0.1", "", {}, "sha512-NW2cX8m1Q7KPA7a5M2ULQeZ2wR5qI5PAbw5L0UOMxdioVk9PMZ0h1TmyZEkPYrCvYjDlFICusOu1dlEKAAeXBw=="],

    "async-lock": ["async-lock@1.4.1", "", {}, "sha512-Az2ZTpuytrtqENulXwO3GGv1Bztugx6TT37NIo7imr/Qo0gsYiGtSdBa2B6fsXhTpVZDNfu1Qn3pk531e3q+nQ=="],

    "async-mutex": ["async-mutex@0.5.0", "", { "dependencies": { "tslib": "^2.4.0" } }, "sha512-1A94B18jkJ3DYq284ohPxoXbfTA5HsQ7/Mf4DEhcyLx3Bz27Rh59iScbB6EPiP+B+joue6YCxcMXSbFC1tZKwA=="],

    "bun-types": ["bun-types@1.4.2", "", { "dependencies": { "@types/node": "*" } }, "sha512-bxV1FgK7yBIzjRe5zBozIM4Bem11ZJcCXSrjWRG3YWLt8yFDePu4cLjpebO8OvPeIE9trbyPF4fuj3Cia4Fj3w=="],

    "embedded-postgres": ["embedded-postgres@18.1.0-beta.16", "", { "dependencies": { "async-exit-hook": "^2.0.1", "pg": "^8.7.3" }, "optionalDependencies": { "@embedded-postgres/darwin-arm64": "^18.1.0-beta.16", "@embedded-postgres/darwin-x64": "^18.1.0-beta.16", "@embedded-postgres/linux-arm": "^18.1.0-beta.16", "@embedded-postgres/linux-arm64": "^18.1.0-beta.16", "@embedded-postgres/linux-ia32": "^18.1.0-beta.16", "@embedded-postgres/linux-ppc64": "^18.1.0-beta.16", "@embedded-postgres/linux-x64": "^18.1.0-beta.16", "@embedded-postgres/windows-x64": "^18.1.0-beta.16" } }, "sha512-TDp7Ld0h84x5fzIIZFyreYWqZrxUNjuXB6OxqJCmV6PodB2vzQ+1hlL6n4uK1de7bIAxYt5OkDykwcuIONQdQg=="],

    "isomorphic.js": ["isomorphic.js@0.2.5", "", {}, "sha512-PIeMbHqMt4DnUP3MA/Flc0HElYjMXArsw1qwJZcm9sqR8mq3l8NYizFMty0pWwE/tzIGH3EKK5+jes5mAr85yw=="],

    "jose": ["jose@6.2.12", "", {}, "sha512-9NiFmJEex0sy2Dk58j2UGBSHgUs2ypF9eZSu4L6vjOX3Dp96Sw1F3uL+H+D1sx02jZZdzUT0HgvCy59CuvXcWw=="],

    "kleur": ["kleur@4.1.5", "", {}, "sha512-o+NO+8WrRiQEE4/7nwRJhN1HWpVmJm511pBHUxPLtp0BUISzlBplORYSmTclCnJvQq2tKu/sgl3xVpkc7ZWuQQ=="],

    "lib0": ["lib0@0.2.118", "", { "dependencies": { "isomorphic.js": "^0.2.4" }, "bin": { "0serve": "bin/0serve.js", "0gentesthtml": "bin/gentesthtml.js", "0ecdsa-generate-keypair": "bin/0ecdsa-generate-keypair.js" } }, "sha512-Ip97lrGhycLAkNrC9/tkORm4yPei9pKuP/Ah1eqCdDx8jnKSs7wY2xvOSlvg/r5UqtgfaC4O3NsFdzwWDDs1Wg=="],

    "pg": ["pg@8.23.0", "", { "dependencies": { "pg-connection-string": "^2.14.0", "pg-pool": "^3.14.0", "pg-protocol": "^1.16.0", "pg-types": "2.2.0", "pgpass": "1.0.5" }, "optionalDependencies": { "pg-cloudflare": "^1.4.0" }, "peerDependencies": { "pg-native": ">=3.0.1" }, "optionalPeers": ["pg-native"] }, "sha512-Ip2EQCngowJLGOfCwkFhPXU7/ljlhn6Rxlmy4XYfL2Y+vyRM59+8uR2xqRWKdYmbXmxCFOAmKxBuSUCdF34qLg=="],

    "pg-cloudflare": ["pg-cloudflare@1.4.0", "", {}, "sha512-Vo7z/6rrQYxpNRylp4Tlob2elzbh+N/MOQbxFVWCxS7oEx6jF53GTJFxK2WWpKuBRkmiin4Mt+xofFDjx09R0A=="],

    "pg-connection-string": ["pg-connection-string@2.14.0", "", {}, "sha512-XwWDGcLRGCXAR8F/AM5bG7Q+A3Wm2s6QeEjlOKZLlH3UYcguiqCWKyWXVag5TLTIjR7oOJUY8kcADaZgWPyLeg=="],

    "pg-int8": ["pg-int8@1.0.1", "", {}, "sha512-WCtabS6t3c8SkpDBUlb1kjOs7l66xsGdKpIPZsg4wR+B3+u9UAum2odSsF9tnvxg80h4ZxLWMy4pRjOsFIqQpw=="],

    "pg-pool": ["pg-pool@3.14.0", "", { "peerDependencies": { "pg": ">=8.0" } }, "sha512-gKtPkFdQPU3DksooVLi9LsjZxrsBUZIpa+7aVx+LV5pNh0KzP4Zleud2po+ConrxbuXGBJ6Hfer6hdgpIBpBaw=="],

    "pg-protocol": ["pg-protocol@1.16.0", "", {}, "sha512-sILXutLVjCLjcDuOmvhX5e2Z4cS5qG/6Bu3VkpFwdf/633ElGLpEh9bgmuI5I4sqKqkifQiGyiCcx1HdtrK7tg=="],

    "pg-types": ["pg-types@2.2.0", "", { "dependencies": { "pg-int8": "1.0.1", "postgres-array": "~2.0.0", "postgres-bytea": "~1.0.0", "postgres-date": "~1.0.4", "postgres-interval": "^1.1.0" } }, "sha512-qTAAlrEsl8s4OiEQY69wDvcMIdQN6wdz5ojQiOy6YRMuynxenON0O5oCpJI6lshc6scgAY8qvJ2On/p+CXY0GA=="],

    "pgpass": ["pgpass@1.0.5", "", { "dependencies": { "split2": "^4.1.0" } }, "sha512-FdW9r/jQZhSeohs1Z3sI1yxFQNFvMcnmfuj4WBMUTxOrAyLMaTcE1aAMBiTlbMNaXvBCQuVi0R7hd8udDSP7ug=="],

    "postgres-array": ["postgres-array@2.0.0", "", {}, "sha512-VpZrUqU5A69eQyW2c5CA1jtLecCsN2U/bD6VilrFDWq5+5UIEVO7nazS3TEcHf1zuPYO/sqGvUvW62g86RXZuA=="],

    "postgres-bytea": ["postgres-bytea@1.0.1", "", {}, "sha512-5+5HqXnsZPE65IJZSMkZtURARZelel2oXUEO8rH83VS/hxH5vv1uHquPg5wZs8yMAfdv971IU+kcPUczi7NVBQ=="],

    "postgres-date": ["postgres-date@1.0.7", "", {}, "sha512-suDmjLVQg78nMK2UZ454hAG+OAW+HQPZ6n++TNDUX+L0+uUlLywnoxJKDou51Zm+zTCjrCl0Nq6J9C5hP9vK/Q=="],

    "postgres-interval": ["postgres-interval@1.2.0", "", { "dependencies": { "xtend": "^4.0.0" } }, "sha512-9ZhXKM/rw350N1ovuWHbGxnGh/SNJ4cnxHiM0rxE4VN41wsg8P8zWn9hv/buK00RP4WvlOyr/RBDiptyxVbkZQ=="],

    "split2": ["split2@4.2.0", "", {}, "sha512-UcjcJOWknrNkF6PLX83qcHM6KHgVKNkV62Y8a5uYDVv9ydGQVwAHMKqHdJje1VTWpljG0WYpCDhrCdAOYH4TWg=="],

    "tslib": ["tslib@2.8.1", "", {}, "sha512-oJFu94HQb+KVduSUQL7wnpmqnfmLsOA/nAh6b6EH0wCEoK0/mPeXU6c3wKDV83MkOuHPRHtSXKKU99IBazS/2w=="],

    "typescript": ["typescript@5.9.3", "", { "bin": { "tsc": "bin/tsc", "tsserver": "bin/tsserver" } }, "sha512-jl1vZzPDinLr9eUt3J/t7V6FgNEw9QjvBPdysz9KfQDD41fQrC2Y4vKQdiaUpFT4bXlb1RHhLpp8wtm6M5TgSw=="],

    "undici-types": ["undici-types@6.21.0", "", {}, "sha512-iwDZqg0QAGrg9Rav5H4n0M64c3mkR59cJ6wQp+7C4nI0gsmExaedaYLNO44eT4AtBBwjbTiGPMlt2Md0T9H9JQ=="],

    "ws": ["ws@8.22.0", "", { "peerDependencies": { "bufferutil": "^4.0.1", "utf-8-validate": ">=5.0.2" }, "optionalPeers": ["bufferutil", "utf-8-validate"] }, "sha512-Ydggc987+RO0AnWtZ/7Wq9FtNvcrL1b/RO0ud9mWjUPgDrsAAwQSF51sm2hm1XofbU/4jkpGEsLFsZZxU+1DOg=="],

    "xtend": ["xtend@4.0.2", "", {}, "sha512-LKYU1iAXJXUgAXn9URjiu+MWhyUXHsvfp7mcuYm9dSUKK0/CjtrUwFAxD82/mCWbtLsGjFIad0wIsod4zrTAEQ=="],

    "y-protocols": ["y-protocols@1.0.7", "", { "dependencies": { "lib0": "^0.2.85" }, "peerDependencies": { "yjs": "^13.0.0" } }, "sha512-YSVsLoXxO67J6eE/nV4AtFtT3QEotZf5sK5BHxFBXso7VDUT3Tx07IfA6hsu5Q5OmBdMkQVmFZ9QOA7fikWvnw=="],

    "yjs": ["yjs@13.6.33", "", { "dependencies": { "lib0": "^0.2.99" } }, "sha512-q/UYvr1gOk4XII+Cu1CW2dINjYqJJFifTzogEaIARznrvX7uOlHsdTEXcnOBMuIsrCGEEKdNxi74kyMLZlKVfw=="],
  }
}
